// !$*UTF8*$!
{
	archiveVersion = 1;
	classes = {
	};
	objectVersion = 46;
	objects = {

/* Begin PBXBuildFile section */
		2331C8B119C6670C00462474 /* AlbertEinsteinStamp.jpg in Resources */ = {isa = PBXBuildFile; fileRef = 2331C8B019C6670C00462474 /* AlbertEinsteinStamp.jpg */; };
		2374217819C14F070073F18C /* AppDelegate.swift in Sources */ = {isa = PBXBuildFile; fileRef = 2374217719C14F070073F18C /* AppDelegate.swift */; };
		2374217A19C14F070073F18C /* ViewController.swift in Sources */ = {isa = PBXBuildFile; fileRef = 2374217919C14F070073F18C /* ViewController.swift */; };
		2374217D19C14F070073F18C /* Main.storyboard in Resources */ = {isa = PBXBuildFile; fileRef = 2374217B19C14F070073F18C /* Main.storyboard */; };
		2374217F19C14F070073F18C /* Images.xcassets in Resources */ = {isa = PBXBuildFile; fileRef = 2374217E19C14F070073F18C /* Images.xcassets */; };
		2374218B19C14F070073F18C /* PostcardTests.swift in Sources */ = {isa = PBXBuildFile; fileRef = 2374218A19C14F070073F18C /* PostcardTests.swift */; };
		2374219519C150050073F18C /* SagradaFamilia.jpeg in Resources */ = {isa = PBXBuildFile; fileRef = 2374219419C150050073F18C /* SagradaFamilia.jpeg */; };
/* End PBXBuildFile section */

/* Begin PBXContainerItemProxy section */
		2374218519C14F070073F18C /* PBXContainerItemProxy */ = {
			isa = PBXContainerItemProxy;
			containerPortal = 2374216A19C14F070073F18C /* Project object */;
			proxyType = 1;
			remoteGlobalIDString = 2374217119C14F070073F18C;
			remoteInfo = Postcard;
		};
/* End PBXContainerItemProxy section */

/* Begin PBXFileReference section */
		2331C8B019C6670C00462474 /* AlbertEinsteinStamp.jpg */ = {isa = PBXFileReference; lastKnownFileType = image.jpeg; path = AlbertEinsteinStamp.jpg; sourceTree = "<group>"; };
		2374217219C14F070073F18C /* Postcard.app */ = {isa = PBXFileReference; explicitFileType = wrapper.application; includeInIndex = 0; path = Postcard.app; sourceTree = BUILT_PRODUCTS_DIR; };
		2374217619C14F070073F18C /* Info.plist */ = {isa = PBXFileReference; lastKnownFileType = text.plist.xml; path = Info.plist; sourceTree = "<group>"; };
		2374217719C14F070073F18C /* AppDelegate.swift */ = {isa = PBXFileReference; lastKnownFileType = sourcecode.swift; path = AppDelegate.swift; sourceTree = "<group>"; };
		2374217919C14F070073F18C /* ViewController.swift */ = {isa = PBXFileReference; lastKnownFileType = sourcecode.swift; path = ViewController.swift; sourceTree = "<group>"; };
		2374217C19C14F070073F18C /* Base */ = {isa = PBXFileReference; lastKnownFileType = file.storyboard; name = Base; path = Base.lproj/Main.storyboard; sourceTree = "<group>"; };
		2374217E19C14F070073F18C /* Images.xcassets */ = {isa = PBXFileReference; lastKnownFileType = folder.assetcatalog; path = Images.xcassets; sourceTree = "<group>"; };
		2374218419C14F070073F18C /* PostcardTests.xctest */ = {isa = PBXFileReference; explicitFileType = wrapper.cfbundle; includeInIndex = 0; path = PostcardTests.xctest; sourceTree = BUILT_PRODUCTS_DIR; };
		2374218919C14F070073F18C /* Info.plist */ = {isa = PBXFileReference; lastKnownFileType = text.plist.xml; path = Info.plist; sourceTree = "<group>"; };
		2374218A19C14F070073F18C /* PostcardTests.swift */ = {isa = PBXFileReference; lastKnownFileType = sourcecode.swift; path = PostcardTests.swift; sourceTree = "<group>"; };
		2374219419C150050073F18C /* SagradaFamilia.jpeg */ = {isa = PBXFileReference; lastKnownFileType = image.jpeg; path = SagradaFamilia.jpeg; sourceTree = "<group>"; };
/* End PBXFileReference section */

/* Begin PBXFrameworksBuildPhase section */
		2374216F19C14F070073F18C /* Frameworks */ = {
			isa = PBXFrameworksBuildPhase;
			buildActionMask = 2147483647;
			files = (
			);
			runOnlyForDeploymentPostprocessing = 0;
		};
		2374218119C14F070073F18C /* Frameworks */ = {
			isa = PBXFrameworksBuildPhase;
			buildActionMask = 2147483647;
			files = (
			);
			runOnlyForDeploymentPostprocessing = 0;
		};
/* End PBXFrameworksBuildPhase section */

/* Begin PBXGroup section */
		2374216919C14F070073F18C = {
			isa = PBXGroup;
			children = (
				2374217419C14F070073F18C /* Postcard */,
				2374218719C14F070073F18C /* PostcardTests */,
				2374217319C14F070073F18C /* Products */,
			);
			sourceTree = "<group>";
		};
		2374217319C14F070073F18C /* Products */ = {
			isa = PBXGroup;
			children = (
				2374217219C14F070073F18C /* Postcard.app */,
				2374218419C14F070073F18C /* PostcardTests.xctest */,
			);
			name = Products;
			sourceTree = "<group>";
		};
		2374217419C14F070073F18C /* Postcard */ = {
			isa = PBXGroup;
			children = (
				2374217719C14F070073F18C /* AppDelegate.swift */,
				2374217919C14F070073F18C /* ViewController.swift */,
				2374217B19C14F070073F18C /* Main.storyboard */,
				2374217E19C14F070073F18C /* Images.xcassets */,
				2374217519C14F070073F18C /* Supporting Files */,
			);
			path = Postcard;
			sourceTree = "<group>";
		};
		2374217519C14F070073F18C /* Supporting Files */ = {
			isa = PBXGroup;
			children = (
				2331C8B019C6670C00462474 /* AlbertEinsteinStamp.jpg */,
				2374219419C150050073F18C /* SagradaFamilia.jpeg */,
				2374217619C14F070073F18C /* Info.plist */,
			);
			name = "Supporting Files";
			sourceTree = "<group>";
		};
		2374218719C14F070073F18C /* PostcardTests */ = {
			isa = PBXGroup;
			children = (
				2374218A19C14F070073F18C /* PostcardTests.swift */,
				2374218819C14F070073F18C /* Supporting Files */,
			);
			path = PostcardTests;
			sourceTree = "<group>";
		};
		2374218819C14F070073F18C /* Supporting Files */ = {
			isa = PBXGroup;
			children = (
				2374218919C14F070073F18C /* Info.plist */,
			);
			name = "Supporting Files";
			sourceTree = "<group>";
		};
/* End PBXGroup section */

/* Begin PBXNativeTarget section */
		2374217119C14F070073F18C /* Postcard */ = {
			isa = PBXNativeTarget;
			buildConfigurationList = 2374218E19C14F070073F18C /* Build configuration list for PBXNativeTarget "Postcard" */;
			buildPhases = (
				2374216E19C14F070073F18C /* Sources */,
				2374216F19C14F070073F18C /* Frameworks */,
				2374217019C14F070073F18C /* Resources */,
			);
			buildRules = (
			);
			dependencies = (
			);
			name = Postcard;
			productName = Postcard;
			productReference = 2374217219C14F070073F18C /* Postcard.app */;
			productType = "com.apple.product-type.application";
		};
		2374218319C14F070073F18C /* PostcardTests */ = {
			isa = PBXNativeTarget;
			buildConfigurationList = 2374219119C14F070073F18C /* Build configuration list for PBXNativeTarget "PostcardTests" */;
			buildPhases = (
				2374218019C14F070073F18C /* Sources */,
				2374218119C14F070073F18C /* Frameworks */,
				2374218219C14F070073F18C /* Resources */,
			);
			buildRules = (
			);
			dependencies = (
				2374218619C14F070073F18C /* PBXTargetDependency */,
			);
			name = PostcardTests;
			productName = PostcardTests;
			productReference = 2374218419C14F070073F18C /* PostcardTests.xctest */;
			productType = "com.apple.product-type.bundle.unit-test";
		};
/* End PBXNativeTarget section */

/* Begin PBXProject section */
		2374216A19C14F070073F18C /* Project object */ = {
			isa = PBXProject;
			attributes = {
				LastUpgradeCheck = 0600;
				ORGANIZATIONNAME = Jake;
				TargetAttributes = {
					2374217119C14F070073F18C = {
						CreatedOnToolsVersion = 6.0;
					};
					2374218319C14F070073F18C = {
						CreatedOnToolsVersion = 6.0;
						TestTargetID = 2374217119C14F070073F18C;
					};
				};
			};
			buildConfigurationList = 2374216D19C14F070073F18C /* Build configuration list for PBXProject "Postcard" */;
			compatibilityVersion = "Xcode 3.2";
			developmentRegion = English;
			hasScannedForEncodings = 0;
			knownRegions = (
				en,
				Base,
			);
			mainGroup = 2374216919C14F070073F18C;
			productRefGroup = 2374217319C14F070073F18C /* Products */;
			projectDirPath = "";
			projectRoot = "";
			targets = (
				2374217119C14F070073F18C /* Postcard */,
				2374218319C14F070073F18C /* PostcardTests */,
			);
		};
/* End PBXProject section */

/* Begin PBXResourcesBuildPhase section */
		2374217019C14F070073F18C /* Resources */ = {
			isa = PBXResourcesBuildPhase;
			buildActionMask = 2147483647;
			files = (
				2331C8B119C6670C00462474 /* AlbertEinsteinStamp.jpg in Resources */,
				2374217D19C14F070073F18C /* Main.storyboard in Resources */,
				2374217F19C14F070073F18C /* Images.xcassets in Resources */,
				2374219519C150050073F18C /* SagradaFamilia.jpeg in Resources */,
			);
			runOnlyForDeploymentPostprocessing = 0;
		};
		2374218219C14F070073F18C /* Resources */ = {
			isa = PBXResourcesBuildPhase;
			buildActionMask = 2147483647;
			files = (
			);
			runOnlyForDeploymentPostprocessing = 0;
		};
/* End PBXResourcesBuildPhase section */

/* Begin PBXSourcesBuildPhase section */
		2374216E19C14F070073F18C /* Sources */ = {
			isa = PBXSourcesBuildPhase;
			buildActionMask = 2147483647;
			files = (
				2374217A19C14F070073F18C /* ViewController.swift in Sources */,
				2374217819C14F070073F18C /* AppDelegate.swift in Sources */,
			);
			runOnlyForDeploymentPostprocessing = 0;
		};
		2374218019C14F070073F18C /* Sources */ = {
			isa = PBXSourcesBuildPhase;
			buildActionMask = 2147483647;
			files = (
				2374218B19C14F070073F18C /* PostcardTests.swift in Sources */,
			);
			runOnlyForDeploymentPostprocessing = 0;
		};
/* End PBXSourcesBuildPhase section */

/* Begin PBXTargetDependency section */
		2374218619C14F070073F18C /* PBXTargetDependency */ = {
			isa = PBXTargetDependency;
			target = 2374217119C14F070073F18C /* Postcard */;
			targetProxy = 2374218519C14F070073F18C /* PBXContainerItemProxy */;
		};
/* End PBXTargetDependency section */

/* Begin PBXVariantGroup section */
		2374217B19C14F070073F18C /* Main.storyboard */ = {
			isa = PBXVariantGroup;
			children = (
				2374217C19C14F070073F18C /* Base */,
			);
			name = Main.storyboard;
			sourceTree = "<group>";
		};
/* End PBXVariantGroup section */

/* Begin XCBuildConfiguration section */
		2374218C19C14F070073F18C /* Debug */ = {
			isa = XCBuildConfiguration;
			buildSettings = {
				ALWAYS_SEARCH_USER_PATHS = NO;
				CLANG_CXX_LANGUAGE_STANDARD = "gnu++0x";
				CLANG_CXX_LIBRARY = "libc++";
				CLANG_ENABLE_MODULES = YES;
				CLANG_ENABLE_OBJC_ARC = YES;
				CLANG_WARN_BOOL_CONVERSION = YES;
				CLANG_WARN_CONSTANT_CONVERSION = YES;
				CLANG_WARN_DIRECT_OBJC_ISA_USAGE = YES_ERROR;
				CLANG_WARN_EMPTY_BODY = YES;
				CLANG_WARN_ENUM_CONVERSION = YES;
				CLANG_WARN_INT_CONVERSION = YES;
				CLANG_WARN_OBJC_ROOT_CLASS = YES_ERROR;
				CLANG_WARN_UNREACHABLE_CODE = YES;
				CLANG_WARN__DUPLICATE_METHOD_MATCH = YES;
				"CODE_SIGN_IDENTITY[sdk=iphoneos*]" = "iPhone Developer";
				COPY_PHASE_STRIP = NO;
				ENABLE_STRICT_OBJC_MSGSEND = YES;
				GCC_C_LANGUAGE_STANDARD = gnu99;
				GCC_DYNAMIC_NO_PIC = NO;
				GCC_OPTIMIZATION_LEVEL = 0;
				GCC_PREPROCESSOR_DEFINITIONS = (
					"DEBUG=1",
					"$(inherited)",
				);
				GCC_SYMBOLS_PRIVATE_EXTERN = NO;
				GCC_WARN_64_TO_32_BIT_CONVERSION = YES;
				GCC_WARN_ABOUT_RETURN_TYPE = YES_ERROR;
				GCC_WARN_UNDECLARED_SELECTOR = YES;
				GCC_WARN_UNINITIALIZED_AUTOS = YES_AGGRESSIVE;
				GCC_WARN_UNUSED_FUNCTION = YES;
				GCC_WARN_UNUSED_VARIABLE = YES;
				IPHONEOS_DEPLOYMENT_TARGET = 8.0;
				MTL_ENABLE_DEBUG_INFO = YES;
				ONLY_ACTIVE_ARCH = YES;
				SDKROOT = iphoneos;
				SWIFT_OPTIMIZATION_LEVEL = "-Onone";
			};
			name = Debug;
		};
		2374218D19C14F070073F18C /* Release */ = {
			isa = XCBuildConfiguration;
			buildSettings = {
				ALWAYS_SEARCH_USER_PATHS = NO;
				CLANG_CXX_LANGUAGE_STANDARD = "gnu++0x";
				CLANG_CXX_LIBRARY = "libc++";
				CLANG_ENABLE_MODULES = YES;
				CLANG_ENABLE_OBJC_ARC = YES;
				CLANG_WARN_BOOL_CONVERSION = YES;
				CLANG_WARN_CONSTANT_CONVERSION = YES;
				CLANG_WARN_DIRECT_OBJC_ISA_USAGE = YES_ERROR;
				CLANG_WARN_EMPTY_BODY = YES;
				CLANG_WARN_ENUM_CONVERSION = YES;
				CLANG_WARN_INT_CONVERSION = YES;
				CLANG_WARN_OBJC_ROOT_CLASS = YES_ERROR;
				CLANG_WARN_UNREACHABLE_CODE = YES;
				CLANG_WARN__DUPLICATE_METHOD_MATCH = YES;
				"CODE_SIGN_IDENTITY[sdk=iphoneos*]" = "iPhone Developer";
				COPY_PHASE_STRIP = YES;
				ENABLE_NS_ASSERTIONS = NO;
				ENABLE_STRICT_OBJC_MSGSEND = YES;
				GCC_C_LANGUAGE_STANDARD = gnu99;
				GCC_WARN_64_TO_32_BIT_CONVERSION = YES;
				GCC_WARN_ABOUT_RETURN_TYPE = YES_ERROR;
				GCC_WARN_UNDECLARED_SELECTOR = YES;
				GCC_WARN_UNINITIALIZED_AUTOS = YES_AGGRESSIVE;
				GCC_WARN_UNUSED_FUNCTION = YES;
				GCC_WARN_UNUSED_VARIABLE = YES;
				IPHONEOS_DEPLOYMENT_TARGET = 8.0;
				MTL_ENABLE_DEBUG_INFO = NO;
				SDKROOT = iphoneos;
				VALIDATE_PRODUCT = YES;
			};
			name = Release;
		};
		2374218F19C14F070073F18C /* Debug */ = {
			isa = XCBuildConfiguration;
			buildSettings = {
				ASSETCATALOG_COMPILER_APPICON_NAME = AppIcon;
				ASSETCATALOG_COMPILER_LAUNCHIMAGE_NAME = LaunchImage;
				INFOPLIST_FILE = Postcard/Info.plist;
				LD_RUNPATH_SEARCH_PATHS = "$(inherited) @executable_path/Frameworks";
				PRODUCT_NAME = "$(TARGET_NAME)";
			};
			name = Debug;
		};
		2374219019C14F070073F18C /* Release */ = {
			isa = XCBuildConfiguration;
			buildSettings = {
				ASSETCATALOG_COMPILER_APPICON_NAME = AppIcon;
				ASSETCATALOG_COMPILER_LAUNCHIMAGE_NAME = LaunchImage;
				INFOPLIST_FILE = Postcard/Info.plist;
				LD_RUNPATH_SEARCH_PATHS = "$(inherited) @executable_path/Frameworks";
				PRODUCT_NAME = "$(TARGET_NAME)";
			};
			name = Release;
		};
		2374219219C14F070073F18C /* Debug */ = {
			isa = XCBuildConfiguration;
			buildSettings = {
				BUNDLE_LOADER = "$(TEST_HOST)";
				FRAMEWORK_SEARCH_PATHS = (
					"$(SDKROOT)/Developer/Library/Frameworks",
					"$(inherited)",
				);
				GCC_PREPROCESSOR_DEFINITIONS = (
					"DEBUG=1",
					"$(inherited)",
				);
				INFOPLIST_FILE = PostcardTests/Info.plist;
				LD_RUNPATH_SEARCH_PATHS = "$(inherited) @executable_path/Frameworks @loader_path/Frameworks";
				PRODUCT_NAME = "$(TARGET_NAME)";
				TEST_HOST = "$(BUILT_PRODUCTS_DIR)/Postcard.app/Postcard";
			};
			name = Debug;
		};
		2374219319C14F070073F18C /* Release */ = {
			isa = XCBuildConfiguration;
			buildSettings = {
				BUNDLE_LOADER = "$(TEST_HOST)";
				FRAMEWORK_SEARCH_PATHS = (
					"$(SDKROOT)/Developer/Library/Frameworks",
					"$(inherited)",
				);
				INFOPLIST_FILE = PostcardTests/Info.plist;
				LD_RUNPATH_SEARCH_PATHS = "$(inherited) @executable_path/Frameworks @loader_path/Frameworks";
				PRODUCT_NAME = "$(TARGET_NAME)";
				TEST_HOST = "$(BUILT_PRODUCTS_DIR)/Postcard.app/Postcard";
			};
			name = Release;
		};
/* End XCBuildConfiguration section */

/* Begin XCConfigurationList section */
		2374216D19C14F070073F18C /* Build configuration list for PBXProject "Postcard" */ = {
			isa = XCConfigurationList;
			buildConfigurations = (
				2374218C19C14F070073F18C /* Debug */,
				2374218D19C14F070073F18C /* Release */,
			);
			defaultConfigurationIsVisible = 0;
			defaultConfigurationName = Release;
		};
		2374218E19C14F070073F18C /* Build configuration list for PBXNativeTarget "Postcard" */ = {
			isa = XCConfigurationList;
			buildConfigurations = (
				2374218F19C14F070073F18C /* Debug */,
				2374219019C14F070073F18C /* Release */,
			);
			defaultConfigurationIsVisible = 0;
			defaultConfigurationName = Release;
		};
		2374219119C14F070073F18C /* Build configuration list for PBXNativeTarget "PostcardTests" */ = {
			isa = XCConfigurationList;
			buildConfigurations = (
				2374219219C14F070073F18C /* Debug */,
				2374219319C14F070073F18C /* Release */,
			);
			defaultConfigurationIsVisible = 0;
			defaultConfigurationName = Release;
		};
/* End XCConfigurationList section */
	};
	rootObject = 2374216A19C14F070073F18C /* Project object */;
}
